Microsoft Visual Studio Solution File, Format Version 12.00
# Visual Studio Version 17
VisualStudioVersion = 17.5.2.0
MinimumVisualStudioVersion = 10.0.40219.1
Project("{FAE04EC0-301F-11D3-BF4B-00C04F79EFBC}") = "AzureTranslatorApp", "AzureTranslatorApp.csproj", "{1E2188A9-1146-E9F4-0F5A-1762207559BC}"
EndProject
Global
	GlobalSection(SolutionConfigurationPlatforms) = preSolution
		Debug|Any CPU = Debug|Any CPU
		Release|Any CPU = Release|Any CPU
	EndGlobalSection
	GlobalSection(ProjectConfigurationPlatforms) = postSolution
		{1E2188A9-1146-E9F4-0F5A-1762207559BC}.Debug|Any CPU.ActiveCfg = Debug|Any CPU
		{1E2188A9-1146-E9F4-0F5A-1762207559BC}.Debug|Any CPU.Build.0 = Debug|Any CPU
		{1E2188A9-1146-E9F4-0F5A-1762207559BC}.Release|Any CPU.ActiveCfg = Release|Any CPU
		{1E2188A9-1146-E9F4-0F5A-1762207559BC}.Release|Any CPU.Build.0 = Release|Any CPU
	EndGlobalSection
	GlobalSection(SolutionProperties) = preSolution
		HideSolutionNode = FALSE
	EndGlobalSection
	GlobalSection(ExtensibilityGlobals) = postSolution
		SolutionGuid = {B2F99261-51CC-4AE9-9C16-E0FA375F1E36}
	EndGlobalSection
EndGlobal

